
Microsoft Visual Studio Solution File, Format Version 12.00
# Visual Studio Version 16
VisualStudioVersion = 16.0.31702.278
MinimumVisualStudioVersion = 10.0.40219.1
Project("{FAE04EC0-301F-11D3-BF4B-00C04F79EFBC}") = "eTickets", "eTickets\eTickets.csproj", "{A15088C5-5AB9-4481-913A-784010C66AC0}"
EndProject
Global
	GlobalSection(SolutionConfigurationPlatforms) = preSolution
		Debug|Any CPU = Debug|Any CPU
		Release|Any CPU = Release|Any CPU
	EndGlobalSection
	GlobalSection(ProjectConfigurationPlatforms) = postSolution
		{A15088C5-5AB9-4481-913A-784010C66AC0}.Debug|Any CPU.ActiveCfg = Debug|Any CPU
		{A15088C5-5AB9-4481-913A-784010C66AC0}.Debug|Any CPU.Build.0 = Debug|Any CPU
		{A15088C5-5AB9-4481-913A-784010C66AC0}.Release|Any CPU.ActiveCfg = Release|Any CPU
		{A15088C5-5AB9-4481-913A-784010C66AC0}.Release|Any CPU.Build.0 = Release|Any CPU
	EndGlobalSection
	GlobalSection(SolutionProperties) = preSolution
		HideSolutionNode = FALSE
	EndGlobalSection
	GlobalSection(ExtensibilityGlobals) = postSolution
		SolutionGuid = {780C89B5-209B-4B1D-AD39-C9A3CF494969}
	EndGlobalSection
EndGlobal
